
Microsoft Visual Studio Solution File, Format Version 12.00
# Visual Studio Version 16
VisualStudioVersion = 16.0.33423.256
MinimumVisualStudioVersion = 10.0.40219.1
Project("{FAE04EC0-301F-11D3-BF4B-00C04F79EFBC}") = "TestDTSeqEqual", "TestDTSeqEqual.csproj", "{3CA22203-4602-4D7D-9BBD-5AB9EEFD1822}"
EndProject
Global
	GlobalSection(SolutionConfigurationPlatforms) = preSolution
		Debug|Any CPU = Debug|Any CPU
		Release|Any CPU = Release|Any CPU
	EndGlobalSection
	GlobalSection(ProjectConfigurationPlatforms) = postSolution
		{3CA22203-4602-4D7D-9BBD-5AB9EEFD1822}.Debug|Any CPU.ActiveCfg = Debug|Any CPU
		{3CA22203-4602-4D7D-9BBD-5AB9EEFD1822}.Debug|Any CPU.Build.0 = Debug|Any CPU
		{3CA22203-4602-4D7D-9BBD-5AB9EEFD1822}.Release|Any CPU.ActiveCfg = Release|Any CPU
		{3CA22203-4602-4D7D-9BBD-5AB9EEFD1822}.Release|Any CPU.Build.0 = Release|Any CPU
	EndGlobalSection
	GlobalSection(SolutionProperties) = preSolution
		HideSolutionNode = FALSE
	EndGlobalSection
	GlobalSection(ExtensibilityGlobals) = postSolution
		SolutionGuid = {E1A63A2C-CCEE-4F1F-B5B2-726ADBD68753}
	EndGlobalSection
EndGlobal
